
Microsoft Visual Studio Solution File, Format Version 12.00
# Visual Studio 15
VisualStudioVersion = 15.0.28307.1022
MinimumVisualStudioVersion = 10.0.40219.1
Project("{8BC9CEB8-8B4A-11D0-8D11-00A0C91BC942}") = "rayTrace", "rayTrace\rayTrace.vcxproj", "{486EC080-C2AA-4289-9896-335E63AA4FEA}"
EndProject
Global
	GlobalSection(SolutionConfigurationPlatforms) = preSolution
		Debug|x64 = Debug|x64
		Debug|x86 = Debug|x86
		Release|x64 = Release|x64
		Release|x86 = Release|x86
	EndGlobalSection
	GlobalSection(ProjectConfigurationPlatforms) = postSolution
		{486EC080-C2AA-4289-9896-335E63AA4FEA}.Debug|x64.ActiveCfg = Debug|x64
		{486EC080-C2AA-4289-9896-335E63AA4FEA}.Debug|x64.Build.0 = Debug|x64
		{486EC080-C2AA-4289-9896-335E63AA4FEA}.Debug|x86.ActiveCfg = Debug|Win32
		{486EC080-C2AA-4289-9896-335E63AA4FEA}.Debug|x86.Build.0 = Debug|Win32
		{486EC080-C2AA-4289-9896-335E63AA4FEA}.Release|x64.ActiveCfg = Release|x64
		{486EC080-C2AA-4289-9896-335E63AA4FEA}.Release|x64.Build.0 = Release|x64
		{486EC080-C2AA-4289-9896-335E63AA4FEA}.Release|x86.ActiveCfg = Release|Win32
		{486EC080-C2AA-4289-9896-335E63AA4FEA}.Release|x86.Build.0 = Release|Win32
	EndGlobalSection
	GlobalSection(SolutionProperties) = preSolution
		HideSolutionNode = FALSE
	EndGlobalSection
	GlobalSection(ExtensibilityGlobals) = postSolution
		SolutionGuid = {7EA659B2-9DDF-4E00-A748-B6251C8467C0}
	EndGlobalSection
EndGlobal
